// !$*UTF8*$!
{
	archiveVersion = 1;
	classes = {
	};
	objectVersion = 60;
	objects = {

/* Begin PBXBuildFile section */
		2C87CFC92A4A23A70067294E /* NewsApi23 in Frameworks */ = {isa = PBXBuildFile; productRef = 2C87CFC82A4A23A70067294E /* NewsApi23 */; };
		2C87CFCC2A4A2BD80067294E /* NewsList.swift in Sources */ = {isa = PBXBuildFile; fileRef = 2C87CFCB2A4A2BD80067294E /* NewsList.swift */; };
		2C87CFCE2A4A2BED0067294E /* NewsModel.swift in Sources */ = {isa = PBXBuildFile; fileRef = 2C87CFCD2A4A2BED0067294E /* NewsModel.swift */; };
		2C87CFD12A4A2D340067294E /* Date+Formater.swift in Sources */ = {isa = PBXBuildFile; fileRef = 2C87CFD02A4A2D340067294E /* Date+Formater.swift */; };
		2C87CFD32A4A2D550067294E /* NewsCategory.swift in Sources */ = {isa = PBXBuildFile; fileRef = 2C87CFD22A4A2D550067294E /* NewsCategory.swift */; };
		2C87CFD62A4A2E840067294E /* View+AnyView.swift in Sources */ = {isa = PBXBuildFile; fileRef = 2C87CFD52A4A2E840067294E /* View+AnyView.swift */; };
		2C87CFD82A4A30C10067294E /* Collections+Index.swift in Sources */ = {isa = PBXBuildFile; fileRef = 2C87CFD72A4A30C10067294E /* Collections+Index.swift */; };
		2C87CFDA2A4A31200067294E /* Article+Identifiable.swift in Sources */ = {isa = PBXBuildFile; fileRef = 2C87CFD92A4A31200067294E /* Article+Identifiable.swift */; };
		2C87CFDD2A4A317F0067294E /* FavoriteEffect.swift in Sources */ = {isa = PBXBuildFile; fileRef = 2C87CFDC2A4A317F0067294E /* FavoriteEffect.swift */; };
		2C87CFDF2A4A319F0067294E /* LoadingProgressView.swift in Sources */ = {isa = PBXBuildFile; fileRef = 2C87CFDE2A4A319F0067294E /* LoadingProgressView.swift */; };
		2C87CFE12A4A31FE0067294E /* CharacterCell+Loading.swift in Sources */ = {isa = PBXBuildFile; fileRef = 2C87CFE02A4A31FE0067294E /* CharacterCell+Loading.swift */; };
		2CAB42B12A3F19130013300F /* Otus2023App.swift in Sources */ = {isa = PBXBuildFile; fileRef = 2CAB42B02A3F19130013300F /* Otus2023App.swift */; };
		2CAB42B32A3F19130013300F /* ContentView.swift in Sources */ = {isa = PBXBuildFile; fileRef = 2CAB42B22A3F19130013300F /* ContentView.swift */; };
		2CAB42B52A3F19150013300F /* Assets.xcassets in Resources */ = {isa = PBXBuildFile; fileRef = 2CAB42B42A3F19150013300F /* Assets.xcassets */; };
		2CAB42B82A3F19150013300F /* Preview Assets.xcassets in Resources */ = {isa = PBXBuildFile; fileRef = 2CAB42B72A3F19150013300F /* Preview Assets.xcassets */; };
		2CAB42C22A3F19E90013300F /* Main.swift in Sources */ = {isa = PBXBuildFile; fileRef = 2CAB42C12A3F19E90013300F /* Main.swift */; };
		2CD350972A4B739900F5779F /* Screen.swift in Sources */ = {isa = PBXBuildFile; fileRef = 2CD350962A4B739900F5779F /* Screen.swift */; };
		2CD350992A4B741400F5779F /* NavigationStack.swift in Sources */ = {isa = PBXBuildFile; fileRef = 2CD350982A4B741400F5779F /* NavigationStack.swift */; };
		2CD3509B2A4B742A00F5779F /* NavigationViewModel.swift in Sources */ = {isa = PBXBuildFile; fileRef = 2CD3509A2A4B742A00F5779F /* NavigationViewModel.swift */; };
		2CD3509D2A4B744000F5779F /* INavigationContainer.swift in Sources */ = {isa = PBXBuildFile; fileRef = 2CD3509C2A4B744000F5779F /* INavigationContainer.swift */; };
		2CD350A02A4B74C400F5779F /* NewsDetailsModel.swift in Sources */ = {isa = PBXBuildFile; fileRef = 2CD3509F2A4B74C400F5779F /* NewsDetailsModel.swift */; };
		2CD350A22A4B74E700F5779F /* NewsDetailsView.swift in Sources */ = {isa = PBXBuildFile; fileRef = 2CD350A12A4B74E700F5779F /* NewsDetailsView.swift */; };
		2CD350A42A4B78AC00F5779F /* Date+DateComponents.swift in Sources */ = {isa = PBXBuildFile; fileRef = 2CD350A32A4B78AC00F5779F /* Date+DateComponents.swift */; };
/* End PBXBuildFile section */

/* Begin PBXFileReference section */
		2C87CFCB2A4A2BD80067294E /* NewsList.swift */ = {isa = PBXFileReference; lastKnownFileType = sourcecode.swift; path = NewsList.swift; sourceTree = "<group>"; };
		2C87CFCD2A4A2BED0067294E /* NewsModel.swift */ = {isa = PBXFileReference; lastKnownFileType = sourcecode.swift; path = NewsModel.swift; sourceTree = "<group>"; };
		2C87CFD02A4A2D340067294E /* Date+Formater.swift */ = {isa = PBXFileReference; lastKnownFileType = sourcecode.swift; path = "Date+Formater.swift"; sourceTree = "<group>"; };
		2C87CFD22A4A2D550067294E /* NewsCategory.swift */ = {isa = PBXFileReference; lastKnownFileType = sourcecode.swift; path = NewsCategory.swift; sourceTree = "<group>"; };
		2C87CFD52A4A2E840067294E /* View+AnyView.swift */ = {isa = PBXFileReference; lastKnownFileType = sourcecode.swift; path = "View+AnyView.swift"; sourceTree = "<group>"; };
		2C87CFD72A4A30C10067294E /* Collections+Index.swift */ = {isa = PBXFileReference; lastKnownFileType = sourcecode.swift; path = "Collections+Index.swift"; sourceTree = "<group>"; };
		2C87CFD92A4A31200067294E /* Article+Identifiable.swift */ = {isa = PBXFileReference; lastKnownFileType = sourcecode.swift; path = "Article+Identifiable.swift"; sourceTree = "<group>"; };
		2C87CFDC2A4A317F0067294E /* FavoriteEffect.swift */ = {isa = PBXFileReference; lastKnownFileType = sourcecode.swift; path = FavoriteEffect.swift; sourceTree = "<group>"; };
		2C87CFDE2A4A319F0067294E /* LoadingProgressView.swift */ = {isa = PBXFileReference; lastKnownFileType = sourcecode.swift; path = LoadingProgressView.swift; sourceTree = "<group>"; };
		2C87CFE02A4A31FE0067294E /* CharacterCell+Loading.swift */ = {isa = PBXFileReference; lastKnownFileType = sourcecode.swift; path = "CharacterCell+Loading.swift"; sourceTree = "<group>"; };
		2CAB42AD2A3F19130013300F /* Otus2023.app */ = {isa = PBXFileReference; explicitFileType = wrapper.application; includeInIndex = 0; path = Otus2023.app; sourceTree = BUILT_PRODUCTS_DIR; };
		2CAB42B02A3F19130013300F /* Otus2023App.swift */ = {isa = PBXFileReference; lastKnownFileType = sourcecode.swift; path = Otus2023App.swift; sourceTree = "<group>"; };
		2CAB42B22A3F19130013300F /* ContentView.swift */ = {isa = PBXFileReference; lastKnownFileType = sourcecode.swift; path = ContentView.swift; sourceTree = "<group>"; };
		2CAB42B42A3F19150013300F /* Assets.xcassets */ = {isa = PBXFileReference; lastKnownFileType = folder.assetcatalog; path = Assets.xcassets; sourceTree = "<group>"; };
		2CAB42B72A3F19150013300F /* Preview Assets.xcassets */ = {isa = PBXFileReference; lastKnownFileType = folder.assetcatalog; path = "Preview Assets.xcassets"; sourceTree = "<group>"; };
		2CAB42C12A3F19E90013300F /* Main.swift */ = {isa = PBXFileReference; lastKnownFileType = sourcecode.swift; path = Main.swift; sourceTree = "<group>"; };
		2CD350962A4B739900F5779F /* Screen.swift */ = {isa = PBXFileReference; lastKnownFileType = sourcecode.swift; path = Screen.swift; sourceTree = "<group>"; };
		2CD350982A4B741400F5779F /* NavigationStack.swift */ = {isa = PBXFileReference; lastKnownFileType = sourcecode.swift; path = NavigationStack.swift; sourceTree = "<group>"; };
		2CD3509A2A4B742A00F5779F /* NavigationViewModel.swift */ = {isa = PBXFileReference; lastKnownFileType = sourcecode.swift; path = NavigationViewModel.swift; sourceTree = "<group>"; };
		2CD3509C2A4B744000F5779F /* INavigationContainer.swift */ = {isa = PBXFileReference; lastKnownFileType = sourcecode.swift; path = INavigationContainer.swift; sourceTree = "<group>"; };
		2CD3509F2A4B74C400F5779F /* NewsDetailsModel.swift */ = {isa = PBXFileReference; lastKnownFileType = sourcecode.swift; path = NewsDetailsModel.swift; sourceTree = "<group>"; };
		2CD350A12A4B74E700F5779F /* NewsDetailsView.swift */ = {isa = PBXFileReference; lastKnownFileType = sourcecode.swift; path = NewsDetailsView.swift; sourceTree = "<group>"; };
		2CD350A32A4B78AC00F5779F /* Date+DateComponents.swift */ = {isa = PBXFileReference; lastKnownFileType = sourcecode.swift; path = "Date+DateComponents.swift"; sourceTree = "<group>"; };
/* End PBXFileReference section */

/* Begin PBXFrameworksBuildPhase section */
		2CAB42AA2A3F19130013300F /* Frameworks */ = {
			isa = PBXFrameworksBuildPhase;
			buildActionMask = 2147483647;
			files = (
				2C87CFC92A4A23A70067294E /* NewsApi23 in Frameworks */,
			);
			runOnlyForDeploymentPostprocessing = 0;
		};
/* End PBXFrameworksBuildPhase section */

/* Begin PBXGroup section */
		2C87CFCA2A4A2BA30067294E /* HW#2 */ = {
			isa = PBXGroup;
			children = (
				2CD350952A4B738100F5779F /* MyNavigation */,
				2C87CFDB2A4A316B0067294E /* Modifiers */,
				2C87CFD22A4A2D550067294E /* NewsCategory.swift */,
				2C87CFD42A4A2DE40067294E /* Views */,
			);
			path = "HW#2";
			sourceTree = "<group>";
		};
		2C87CFCF2A4A2D230067294E /* Extensions */ = {
			isa = PBXGroup;
			children = (
				2C87CFD02A4A2D340067294E /* Date+Formater.swift */,
				2CD350A32A4B78AC00F5779F /* Date+DateComponents.swift */,
				2C87CFD52A4A2E840067294E /* View+AnyView.swift */,
				2C87CFD72A4A30C10067294E /* Collections+Index.swift */,
				2C87CFD92A4A31200067294E /* Article+Identifiable.swift */,
				2C87CFE02A4A31FE0067294E /* CharacterCell+Loading.swift */,
			);
			path = Extensions;
			sourceTree = "<group>";
		};
		2C87CFD42A4A2DE40067294E /* Views */ = {
			isa = PBXGroup;
			children = (
				2CD350942A4B736200F5779F /* NewsList */,
				2CD3509E2A4B74A000F5779F /* NewsDetails */,
			);
			path = Views;
			sourceTree = "<group>";
		};
		2C87CFDB2A4A316B0067294E /* Modifiers */ = {
			isa = PBXGroup;
			children = (
				2C87CFDC2A4A317F0067294E /* FavoriteEffect.swift */,
				2C87CFDE2A4A319F0067294E /* LoadingProgressView.swift */,
			);
			path = Modifiers;
			sourceTree = "<group>";
		};
		2CAB42A42A3F19130013300F = {
			isa = PBXGroup;
			children = (
				2CAB42AF2A3F19130013300F /* Otus2023 */,
				2CAB42AE2A3F19130013300F /* Products */,
			);
			sourceTree = "<group>";
		};
		2CAB42AE2A3F19130013300F /* Products */ = {
			isa = PBXGroup;
			children = (
				2CAB42AD2A3F19130013300F /* Otus2023.app */,
			);
			name = Products;
			sourceTree = "<group>";
		};
		2CAB42AF2A3F19130013300F /* Otus2023 */ = {
			isa = PBXGroup;
			children = (
				2CAB42B02A3F19130013300F /* Otus2023App.swift */,
				2CAB42B22A3F19130013300F /* ContentView.swift */,
				2CAB42BE2A3F194F0013300F /* HW#1 */,
				2C87CFCA2A4A2BA30067294E /* HW#2 */,
				2C87CFCF2A4A2D230067294E /* Extensions */,
				2CAB42B42A3F19150013300F /* Assets.xcassets */,
				2CAB42B62A3F19150013300F /* Preview Content */,
			);
			path = Otus2023;
			sourceTree = "<group>";
		};
		2CAB42B62A3F19150013300F /* Preview Content */ = {
			isa = PBXGroup;
			children = (
				2CAB42B72A3F19150013300F /* Preview Assets.xcassets */,
			);
			path = "Preview Content";
			sourceTree = "<group>";
		};
		2CAB42BE2A3F194F0013300F /* HW#1 */ = {
			isa = PBXGroup;
			children = (
				2CAB42C12A3F19E90013300F /* Main.swift */,
			);
			path = "HW#1";
			sourceTree = "<group>";
		};
		2CD350942A4B736200F5779F /* NewsList */ = {
			isa = PBXGroup;
			children = (
				2C87CFCD2A4A2BED0067294E /* NewsModel.swift */,
				2C87CFCB2A4A2BD80067294E /* NewsList.swift */,
			);
			path = NewsList;
			sourceTree = "<group>";
		};
		2CD350952A4B738100F5779F /* MyNavigation */ = {
			isa = PBXGroup;
			children = (
				2CD350962A4B739900F5779F /* Screen.swift */,
				2CD350982A4B741400F5779F /* NavigationStack.swift */,
				2CD3509A2A4B742A00F5779F /* NavigationViewModel.swift */,
				2CD3509C2A4B744000F5779F /* INavigationContainer.swift */,
			);
			path = MyNavigation;
			sourceTree = "<group>";
		};
		2CD3509E2A4B74A000F5779F /* NewsDetails */ = {
			isa = PBXGroup;
			children = (
				2CD3509F2A4B74C400F5779F /* NewsDetailsModel.swift */,
				2CD350A12A4B74E700F5779F /* NewsDetailsView.swift */,
			);
			path = NewsDetails;
			sourceTree = "<group>";
		};
/* End PBXGroup section */

/* Begin PBXNativeTarget section */
		2CAB42AC2A3F19130013300F /* Otus2023 */ = {
			isa = PBXNativeTarget;
			buildConfigurationList = 2CAB42BB2A3F19150013300F /* Build configuration list for PBXNativeTarget "Otus2023" */;
			buildPhases = (
				2CAB42A92A3F19130013300F /* Sources */,
				2CAB42AA2A3F19130013300F /* Frameworks */,
				2CAB42AB2A3F19130013300F /* Resources */,
			);
			buildRules = (
			);
			dependencies = (
			);
			name = Otus2023;
			packageProductDependencies = (
				2C87CFC82A4A23A70067294E /* NewsApi23 */,
			);
			productName = Otus2023;
			productReference = 2CAB42AD2A3F19130013300F /* Otus2023.app */;
			productType = "com.apple.product-type.application";
		};
/* End PBXNativeTarget section */

/* Begin PBXProject section */
		2CAB42A52A3F19130013300F /* Project object */ = {
			isa = PBXProject;
			attributes = {
				BuildIndependentTargetsInParallel = 1;
				LastSwiftUpdateCheck = 1500;
				LastUpgradeCheck = 1500;
				TargetAttributes = {
					2CAB42AC2A3F19130013300F = {
						CreatedOnToolsVersion = 15.0;
					};
				};
			};
			buildConfigurationList = 2CAB42A82A3F19130013300F /* Build configuration list for PBXProject "Otus2023" */;
			compatibilityVersion = "Xcode 14.0";
			developmentRegion = en;
			hasScannedForEncodings = 0;
			knownRegions = (
				en,
				Base,
			);
			mainGroup = 2CAB42A42A3F19130013300F;
			packageReferences = (
				2C87CFC72A4A23A70067294E /* XCLocalSwiftPackageReference "../Package/NewsApi23" */,
			);
			productRefGroup = 2CAB42AE2A3F19130013300F /* Products */;
			projectDirPath = "";
			projectRoot = "";
			targets = (
				2CAB42AC2A3F19130013300F /* Otus2023 */,
			);
		};
/* End PBXProject section */

/* Begin PBXResourcesBuildPhase section */
		2CAB42AB2A3F19130013300F /* Resources */ = {
			isa = PBXResourcesBuildPhase;
			buildActionMask = 2147483647;
			files = (
				2CAB42B82A3F19150013300F /* Preview Assets.xcassets in Resources */,
				2CAB42B52A3F19150013300F /* Assets.xcassets in Resources */,
			);
			runOnlyForDeploymentPostprocessing = 0;
		};
/* End PBXResourcesBuildPhase section */

/* Begin PBXSourcesBuildPhase section */
		2CAB42A92A3F19130013300F /* Sources */ = {
			isa = PBXSourcesBuildPhase;
			buildActionMask = 2147483647;
			files = (
				2CD3509B2A4B742A00F5779F /* NavigationViewModel.swift in Sources */,
				2CD350A42A4B78AC00F5779F /* Date+DateComponents.swift in Sources */,
				2C87CFDA2A4A31200067294E /* Article+Identifiable.swift in Sources */,
				2C87CFDD2A4A317F0067294E /* FavoriteEffect.swift in Sources */,
				2CAB42C22A3F19E90013300F /* Main.swift in Sources */,
				2C87CFD12A4A2D340067294E /* Date+Formater.swift in Sources */,
				2CD3509D2A4B744000F5779F /* INavigationContainer.swift in Sources */,
				2CAB42B32A3F19130013300F /* ContentView.swift in Sources */,
				2C87CFCC2A4A2BD80067294E /* NewsList.swift in Sources */,
				2C87CFE12A4A31FE0067294E /* CharacterCell+Loading.swift in Sources */,
				2CD350972A4B739900F5779F /* Screen.swift in Sources */,
				2CD350A22A4B74E700F5779F /* NewsDetailsView.swift in Sources */,
				2CAB42B12A3F19130013300F /* Otus2023App.swift in Sources */,
				2CD350A02A4B74C400F5779F /* NewsDetailsModel.swift in Sources */,
				2C87CFD82A4A30C10067294E /* Collections+Index.swift in Sources */,
				2CD350992A4B741400F5779F /* NavigationStack.swift in Sources */,
				2C87CFD32A4A2D550067294E /* NewsCategory.swift in Sources */,
				2C87CFD62A4A2E840067294E /* View+AnyView.swift in Sources */,
				2C87CFDF2A4A319F0067294E /* LoadingProgressView.swift in Sources */,
				2C87CFCE2A4A2BED0067294E /* NewsModel.swift in Sources */,
			);
			runOnlyForDeploymentPostprocessing = 0;
		};
/* End PBXSourcesBuildPhase section */

/* Begin XCBuildConfiguration section */
		2CAB42B92A3F19150013300F /* Debug */ = {
			isa = XCBuildConfiguration;
			buildSettings = {
				ALWAYS_SEARCH_USER_PATHS = NO;
				ASSETCATALOG_COMPILER_GENERATE_SWIFT_ASSET_SYMBOL_EXTENSIONS = YES;
				CLANG_ANALYZER_NONNULL = YES;
				CLANG_ANALYZER_NUMBER_OBJECT_CONVERSION = YES_AGGRESSIVE;
				CLANG_CXX_LANGUAGE_STANDARD = "gnu++20";
				CLANG_ENABLE_MODULES = YES;
				CLANG_ENABLE_OBJC_ARC = YES;
				CLANG_ENABLE_OBJC_WEAK = YES;
				CLANG_WARN_BLOCK_CAPTURE_AUTORELEASING = YES;
				CLANG_WARN_BOOL_CONVERSION = YES;
				CLANG_WARN_COMMA = YES;
				CLANG_WARN_CONSTANT_CONVERSION = YES;
				CLANG_WARN_DEPRECATED_OBJC_IMPLEMENTATIONS = YES;
				CLANG_WARN_DIRECT_OBJC_ISA_USAGE = YES_ERROR;
				CLANG_WARN_DOCUMENTATION_COMMENTS = YES;
				CLANG_WARN_EMPTY_BODY = YES;
				CLANG_WARN_ENUM_CONVERSION = YES;
				CLANG_WARN_INFINITE_RECURSION = YES;
				CLANG_WARN_INT_CONVERSION = YES;
				CLANG_WARN_NON_LITERAL_NULL_CONVERSION = YES;
				CLANG_WARN_OBJC_IMPLICIT_RETAIN_SELF = YES;
				CLANG_WARN_OBJC_LITERAL_CONVERSION = YES;
				CLANG_WARN_OBJC_ROOT_CLASS = YES_ERROR;
				CLANG_WARN_QUOTED_INCLUDE_IN_FRAMEWORK_HEADER = YES;
				CLANG_WARN_RANGE_LOOP_ANALYSIS = YES;
				CLANG_WARN_STRICT_PROTOTYPES = YES;
				CLANG_WARN_SUSPICIOUS_MOVE = YES;
				CLANG_WARN_UNGUARDED_AVAILABILITY = YES_AGGRESSIVE;
				CLANG_WARN_UNREACHABLE_CODE = YES;
				CLANG_WARN__DUPLICATE_METHOD_MATCH = YES;
				COPY_PHASE_STRIP = NO;
				DEBUG_INFORMATION_FORMAT = dwarf;
				ENABLE_STRICT_OBJC_MSGSEND = YES;
				ENABLE_TESTABILITY = YES;
				ENABLE_USER_SCRIPT_SANDBOXING = YES;
				GCC_C_LANGUAGE_STANDARD = gnu17;
				GCC_DYNAMIC_NO_PIC = NO;
				GCC_NO_COMMON_BLOCKS = YES;
				GCC_OPTIMIZATION_LEVEL = 0;
				GCC_PREPROCESSOR_DEFINITIONS = (
					"DEBUG=1",
					"$(inherited)",
				);
				GCC_WARN_64_TO_32_BIT_CONVERSION = YES;
				GCC_WARN_ABOUT_RETURN_TYPE = YES_ERROR;
				GCC_WARN_UNDECLARED_SELECTOR = YES;
				GCC_WARN_UNINITIALIZED_AUTOS = YES_AGGRESSIVE;
				GCC_WARN_UNUSED_FUNCTION = YES;
				GCC_WARN_UNUSED_VARIABLE = YES;
				IPHONEOS_DEPLOYMENT_TARGET = 16.6;
				LOCALIZATION_PREFERS_STRING_CATALOGS = YES;
				MTL_ENABLE_DEBUG_INFO = INCLUDE_SOURCE;
				MTL_FAST_MATH = YES;
				ONLY_ACTIVE_ARCH = YES;
				SDKROOT = iphoneos;
				SWIFT_ACTIVE_COMPILATION_CONDITIONS = "DEBUG $(inherited)";
				SWIFT_OPTIMIZATION_LEVEL = "-Onone";
			};
			name = Debug;
		};
		2CAB42BA2A3F19150013300F /* Release */ = {
			isa = XCBuildConfiguration;
			buildSettings = {
				ALWAYS_SEARCH_USER_PATHS = NO;
				ASSETCATALOG_COMPILER_GENERATE_SWIFT_ASSET_SYMBOL_EXTENSIONS = YES;
				CLANG_ANALYZER_NONNULL = YES;
				CLANG_ANALYZER_NUMBER_OBJECT_CONVERSION = YES_AGGRESSIVE;
				CLANG_CXX_LANGUAGE_STANDARD = "gnu++20";
				CLANG_ENABLE_MODULES = YES;
				CLANG_ENABLE_OBJC_ARC = YES;
				CLANG_ENABLE_OBJC_WEAK = YES;
				CLANG_WARN_BLOCK_CAPTURE_AUTORELEASING = YES;
				CLANG_WARN_BOOL_CONVERSION = YES;
				CLANG_WARN_COMMA = YES;
				CLANG_WARN_CONSTANT_CONVERSION = YES;
				CLANG_WARN_DEPRECATED_OBJC_IMPLEMENTATIONS = YES;
				CLANG_WARN_DIRECT_OBJC_ISA_USAGE = YES_ERROR;
				CLANG_WARN_DOCUMENTATION_COMMENTS = YES;
				CLANG_WARN_EMPTY_BODY = YES;
				CLANG_WARN_ENUM_CONVERSION = YES;
				CLANG_WARN_INFINITE_RECURSION = YES;
				CLANG_WARN_INT_CONVERSION = YES;
				CLANG_WARN_NON_LITERAL_NULL_CONVERSION = YES;
				CLANG_WARN_OBJC_IMPLICIT_RETAIN_SELF = YES;
				CLANG_WARN_OBJC_LITERAL_CONVERSION = YES;
				CLANG_WARN_OBJC_ROOT_CLASS = YES_ERROR;
				CLANG_WARN_QUOTED_INCLUDE_IN_FRAMEWORK_HEADER = YES;
				CLANG_WARN_RANGE_LOOP_ANALYSIS = YES;
				CLANG_WARN_STRICT_PROTOTYPES = YES;
				CLANG_WARN_SUSPICIOUS_MOVE = YES;
				CLANG_WARN_UNGUARDED_AVAILABILITY = YES_AGGRESSIVE;
				CLANG_WARN_UNREACHABLE_CODE = YES;
				CLANG_WARN__DUPLICATE_METHOD_MATCH = YES;
				COPY_PHASE_STRIP = NO;
				DEBUG_INFORMATION_FORMAT = "dwarf-with-dsym";
				ENABLE_NS_ASSERTIONS = NO;
				ENABLE_STRICT_OBJC_MSGSEND = YES;
				ENABLE_USER_SCRIPT_SANDBOXING = YES;
				GCC_C_LANGUAGE_STANDARD = gnu17;
				GCC_NO_COMMON_BLOCKS = YES;
				GCC_WARN_64_TO_32_BIT_CONVERSION = YES;
				GCC_WARN_ABOUT_RETURN_TYPE = YES_ERROR;
				GCC_WARN_UNDECLARED_SELECTOR = YES;
				GCC_WARN_UNINITIALIZED_AUTOS = YES_AGGRESSIVE;
				GCC_WARN_UNUSED_FUNCTION = YES;
				GCC_WARN_UNUSED_VARIABLE = YES;
				IPHONEOS_DEPLOYMENT_TARGET = 16.6;
				LOCALIZATION_PREFERS_STRING_CATALOGS = YES;
				MTL_ENABLE_DEBUG_INFO = NO;
				MTL_FAST_MATH = YES;
				SDKROOT = iphoneos;
				SWIFT_COMPILATION_MODE = wholemodule;
				VALIDATE_PRODUCT = YES;
			};
			name = Release;
		};
		2CAB42BC2A3F19150013300F /* Debug */ = {
			isa = XCBuildConfiguration;
			buildSettings = {
				ASSETCATALOG_COMPILER_APPICON_NAME = AppIcon;
				ASSETCATALOG_COMPILER_GLOBAL_ACCENT_COLOR_NAME = AccentColor;
				CODE_SIGN_STYLE = Automatic;
				CURRENT_PROJECT_VERSION = 1;
				DEVELOPMENT_ASSET_PATHS = "\"Otus2023/Preview Content\"";
				DEVELOPMENT_TEAM = T4DRF595YN;
				ENABLE_PREVIEWS = YES;
				GENERATE_INFOPLIST_FILE = YES;
				INFOPLIST_KEY_UIApplicationSceneManifest_Generation = YES;
				INFOPLIST_KEY_UIApplicationSupportsIndirectInputEvents = YES;
				INFOPLIST_KEY_UILaunchScreen_Generation = YES;
				INFOPLIST_KEY_UISupportedInterfaceOrientations_iPad = "UIInterfaceOrientationPortrait UIInterfaceOrientationPortraitUpsideDown UIInterfaceOrientationLandscapeLeft UIInterfaceOrientationLandscapeRight";
				INFOPLIST_KEY_UISupportedInterfaceOrientations_iPhone = "UIInterfaceOrientationPortrait UIInterfaceOrientationLandscapeLeft UIInterfaceOrientationLandscapeRight";
				IPHONEOS_DEPLOYMENT_TARGET = 16.6;
				LD_RUNPATH_SEARCH_PATHS = (
					"$(inherited)",
					"@executable_path/Frameworks",
				);
				MARKETING_VERSION = 1.0;
				PRODUCT_BUNDLE_IDENTIFIER = com.obrazumovd.Otus2023;
				PRODUCT_NAME = "$(TARGET_NAME)";
				SWIFT_EMIT_LOC_STRINGS = YES;
				SWIFT_VERSION = 5.0;
				TARGETED_DEVICE_FAMILY = "1,2";
			};
			name = Debug;
		};
		2CAB42BD2A3F19150013300F /* Release */ = {
			isa = XCBuildConfiguration;
			buildSettings = {
				ASSETCATALOG_COMPILER_APPICON_NAME = AppIcon;
				ASSETCATALOG_COMPILER_GLOBAL_ACCENT_COLOR_NAME = AccentColor;
				CODE_SIGN_STYLE = Automatic;
				CURRENT_PROJECT_VERSION = 1;
				DEVELOPMENT_ASSET_PATHS = "\"Otus2023/Preview Content\"";
				DEVELOPMENT_TEAM = T4DRF595YN;
				ENABLE_PREVIEWS = YES;
				GENERATE_INFOPLIST_FILE = YES;
				INFOPLIST_KEY_UIApplicationSceneManifest_Generation = YES;
				INFOPLIST_KEY_UIApplicationSupportsIndirectInputEvents = YES;
				INFOPLIST_KEY_UILaunchScreen_Generation = YES;
				INFOPLIST_KEY_UISupportedInterfaceOrientations_iPad = "UIInterfaceOrientationPortrait UIInterfaceOrientationPortraitUpsideDown UIInterfaceOrientationLandscapeLeft UIInterfaceOrientationLandscapeRight";
				INFOPLIST_KEY_UISupportedInterfaceOrientations_iPhone = "UIInterfaceOrientationPortrait UIInterfaceOrientationLandscapeLeft UIInterfaceOrientationLandscapeRight";
				IPHONEOS_DEPLOYMENT_TARGET = 16.6;
				LD_RUNPATH_SEARCH_PATHS = (
					"$(inherited)",
					"@executable_path/Frameworks",
				);
				MARKETING_VERSION = 1.0;
				PRODUCT_BUNDLE_IDENTIFIER = com.obrazumovd.Otus2023;
				PRODUCT_NAME = "$(TARGET_NAME)";
				SWIFT_EMIT_LOC_STRINGS = YES;
				SWIFT_VERSION = 5.0;
				TARGETED_DEVICE_FAMILY = "1,2";
			};
			name = Release;
		};
/* End XCBuildConfiguration section */

/* Begin XCConfigurationList section */
		2CAB42A82A3F19130013300F /* Build configuration list for PBXProject "Otus2023" */ = {
			isa = XCConfigurationList;
			buildConfigurations = (
				2CAB42B92A3F19150013300F /* Debug */,
				2CAB42BA2A3F19150013300F /* Release */,
			);
			defaultConfigurationIsVisible = 0;
			defaultConfigurationName = Release;
		};
		2CAB42BB2A3F19150013300F /* Build configuration list for PBXNativeTarget "Otus2023" */ = {
			isa = XCConfigurationList;
			buildConfigurations = (
				2CAB42BC2A3F19150013300F /* Debug */,
				2CAB42BD2A3F19150013300F /* Release */,
			);
			defaultConfigurationIsVisible = 0;
			defaultConfigurationName = Release;
		};
/* End XCConfigurationList section */

/* Begin XCLocalSwiftPackageReference section */
		2C87CFC72A4A23A70067294E /* XCLocalSwiftPackageReference "../Package/NewsApi23" */ = {
			isa = XCLocalSwiftPackageReference;
			relativePath = ../Package/NewsApi23;
		};
/* End XCLocalSwiftPackageReference section */

/* Begin XCSwiftPackageProductDependency section */
		2C87CFC82A4A23A70067294E /* NewsApi23 */ = {
			isa = XCSwiftPackageProductDependency;
			productName = NewsApi23;
		};
/* End XCSwiftPackageProductDependency section */
	};
	rootObject = 2CAB42A52A3F19130013300F /* Project object */;
}
